{
  "requires": true,
  "lockfileVersion": 1,
  "dependencies": {
    "@types/eslint": {
      "version": "8.56.5",
      "resolved": "https://registry.npmjs.org/@types/eslint/-/eslint-8.56.5.tgz",
      "integrity": "sha512-u5/YPJHo1tvkSF2CE0USEkxon82Z5DBy2xR+qfyYNszpX9qcs4sT6uq2kBbj4BXY1+DBGDPnrhMZV3pKWGNukw==",
      "dev": true,
      "requires": {
        "@types/estree": "*",
        "@types/json-schema": "*"
      }
    },
    "@types/estree": {
      "version": "1.0.5",
      "resolved": "https://registry.npmjs.org/@types/estree/-/estree-1.0.5.tgz",
      "integrity": "sha512-/kYRxGDLWzHOB7q+wtSUQlFrtcdUccpfy+X+9iMBpHK8QLLhx2wIPYuS5DYtR9Wa/YlZAbIovy7qVdB1Aq6Lyw==",
      "dev": true
    },
    "@types/json-schema": {
      "version": "7.0.15",
      "resolved": "https://registry.npmjs.org/@types/json-schema/-/json-schema-7.0.15.tgz",
      "integrity": "sha512-5+fP8P8MFNC+AyZCDxrB2pkZFPGzqQWUzpSeuuVLvm8VMcorNYavBqoFcxK8bQz4Qsbn4oUEEem4wDLfcysGHA==",
      "dev": true
    },
    "@types/node": {
      "version": "20.11.28",
      "resolved": "https://registry.npmjs.org/@types/node/-/node-20.11.28.tgz",
      "integrity": "sha512-M/GPWVS2wLkSkNHVeLkrF2fD5Lx5UC4PxA0uZcKc6QqbIQUJyW1jVjueJYi1z8n0I5PxYrtpnPnWglE+y9A0KA==",
      "dev": true,
      "requires": {
        "undici-types": "~5.26.4"
      }
    },
    "@types/xo": {
      "version": "0.39.8",
      "resolved": "https://registry.npmjs.org/@types/xo/-/xo-0.39.8.tgz",
      "integrity": "sha512-KxameQh8bYkp9WHt5l4oOj6izg+p0YrhWfLJ/v5n3ETkL+z9kP6bGa9JPUOTnDwcNJ+InjMR2JgmwO8RkvJVSw==",
      "dev": true,
      "requires": {
        "@types/eslint": "*"
      }
    },
    "types-registry": {
      "version": "0.1.684",
      "resolved": "https://registry.npmjs.org/types-registry/-/types-registry-0.1.684.tgz",
      "integrity": "sha512-B6v+g9M+7IJSc1w2THOmTuRKvd/ACxZTGXM18E8MzpHWx1mGUvGGT+RXsSnxNpyqtbjWLeXj8uyyu/MxVOS3xw=="
    },
    "undici-types": {
      "version": "5.26.5",
      "resolved": "https://registry.npmjs.org/undici-types/-/undici-types-5.26.5.tgz",
      "integrity": "sha512-JlCMO+ehdEIKqlFxk6IfVoAUVmgz7cU7zD/h9XZ0qzeosSHmUJVOzSQvvYSYWXkFXC+IfLKSIffhv0sVZup6pA==",
      "dev": true
    }
  }
}
